
Microsoft Visual Studio Solution File, Format Version 12.00
# Visual Studio Version 17
VisualStudioVersion = 17.9.34728.123
MinimumVisualStudioVersion = 10.0.40219.1
Project("{FAE04EC0-301F-11D3-BF4B-00C04F79EFBC}") = "MVCCodigo2024NET", "MVCCodigo2024NET\MVCCodigo2024NET.csproj", "{BD855F57-C452-4470-8C7E-8E2B077E0838}"
EndProject
Global
	GlobalSection(SolutionConfigurationPlatforms) = preSolution
		Debug|Any CPU = Debug|Any CPU
		Release|Any CPU = Release|Any CPU
	EndGlobalSection
	GlobalSection(ProjectConfigurationPlatforms) = postSolution
		{BD855F57-C452-4470-8C7E-8E2B077E0838}.Debug|Any CPU.ActiveCfg = Debug|Any CPU
		{BD855F57-C452-4470-8C7E-8E2B077E0838}.Debug|Any CPU.Build.0 = Debug|Any CPU
		{BD855F57-C452-4470-8C7E-8E2B077E0838}.Release|Any CPU.ActiveCfg = Release|Any CPU
		{BD855F57-C452-4470-8C7E-8E2B077E0838}.Release|Any CPU.Build.0 = Release|Any CPU
	EndGlobalSection
	GlobalSection(SolutionProperties) = preSolution
		HideSolutionNode = FALSE
	EndGlobalSection
	GlobalSection(ExtensibilityGlobals) = postSolution
		SolutionGuid = {3565D172-3EB4-47A0-A79C-21E4BCD0EB88}
	EndGlobalSection
EndGlobal
